<?xml version="1.0" encoding="UTF-8" standalone="yes" ?>
<CodeBlocks_project_file>
	<FileVersion major="1" minor="6" />
	<Project>
		<Option title="Battaglia Navale" />
		<Option pch_mode="2" />
		<Option compiler="gcc" />
		<Build>
			<Target title="Debug">
				<Option output="bin\Debug\Battaglia Navale" prefix_auto="1" extension_auto="1" />
				<Option object_output="obj\Debug\" />
				<Option type="1" />
				<Option compiler="gcc" />
				<Compiler>
					<Add option="-g" />
				</Compiler>
				<Linker>
					<Add option="-lwinmm" />
				</Linker>
			</Target>
			<Target title="Release">
				<Option output="bin\Release\Battaglia Navale" prefix_auto="1" extension_auto="1" />
				<Option object_output="obj\Release\" />
				<Option type="1" />
				<Option compiler="gcc" />
				<Compiler>
					<Add option="-O2" />
				</Compiler>
				<Linker>
					<Add option="-s" />
					<Add option="-lwinmm" />
				</Linker>
			</Target>
		</Build>
		<Compiler>
			<Add option="-Wall" />
		</Compiler>
		<Linker>
			<Add option="-lwinmm" />
		</Linker>
		<Unit filename="CaricaPartita.c">
			<Option compilerVar="CC" />
		</Unit>
		<Unit filename="CaricaPartita.h" />
		<Unit filename="Esci.c">
			<Option compilerVar="CC" />
		</Unit>
		<Unit filename="Esci.h" />
		<Unit filename="Funzioni.c">
			<Option compilerVar="CC" />
		</Unit>
		<Unit filename="Funzioni.h" />
		<Unit filename="Impostazioni.c">
			<Option compilerVar="CC" />
		</Unit>
		<Unit filename="Impostazioni.h" />
		<Unit filename="Istruzioni.c">
			<Option compilerVar="CC" />
		</Unit>
		<Unit filename="Istruzioni.h" />
		<Unit filename="Libreria.h" />
		<Unit filename="NuovaPartita.c">
			<Option compilerVar="CC" />
		</Unit>
		<Unit filename="NuovaPartita.h" />
		<Unit filename="SottoLibreria.h" />
		<Unit filename="TopTen.c">
			<Option compilerVar="CC" />
		</Unit>
		<Unit filename="TopTen.h" />
		<Unit filename="main.c">
			<Option compilerVar="CC" />
		</Unit>
		<Unit filename="resource.rc">
			<Option compilerVar="WINDRES" />
		</Unit>
		<Extensions>
			<code_completion />
			<debugger />
		</Extensions>
	</Project>
</CodeBlocks_project_file>
